<?xml version="1.0" encoding="utf-8"?>
<Project ToolsVersion="4.0" xmlns="http://schemas.microsoft.com/developer/msbuild/2003">
  <ItemGroup>
    <Filter Include="Header Files">
      <UniqueIdentifier>{93995380-89BD-4b04-88EB-625FBE52EBFB}</UniqueIdentifier>
      <Extensions>h;hpp;hxx;hm;inl;inc;xsd</Extensions>
    </Filter>
    <Filter Include="Header Files">
      <UniqueIdentifier>{93995380-89BD-4b04-88EB-625FBE52EBFB}</UniqueIdentifier>
      <Extensions>h;hpp;hxx;hm;inl;inc;xsd</Extensions>
    </Filter>
    <Filter Include="Source Files">
      <UniqueIdentifier>{4FC737F1-C7A5-4376-A066-2A32D752A2FF}</UniqueIdentifier>
      <Extensions>cpp;c;cxx;def;odl;idl;hpj;bat;asm;asmx</Extensions>
    </Filter>
    <Filter Include="Source Files">
      <UniqueIdentifier>{4FC737F1-C7A5-4376-A066-2A32D752A2FF}</UniqueIdentifier>
      <Extensions>cpp;c;cxx;def;odl;idl;hpj;bat;asm;asmx</Extensions>
    </Filter>
    <Filter Include="Distribution Files">
      <UniqueIdentifier>{B83CAF91-C7BF-462F-B76C-EA11631F866C}</UniqueIdentifier>
      <Extensions>*</Extensions>
      <ParseFiles>false</ParseFiles>
    </Filter>
    <Filter Include="Distribution Files">
      <UniqueIdentifier>{B83CAF91-C7BF-462F-B76C-EA11631F866C}</UniqueIdentifier>
      <Extensions>*</Extensions>
      <ParseFiles>false</ParseFiles>
    </Filter>
  </ItemGroup>
  <ItemGroup>
    <ClCompile Include="..\Kuplung\kuplung\meshes\Camera.cpp">
      <Filter>Source Files</Filter>
    </ClCompile>
    <ClCompile Include="..\Kuplung\kuplung\ui\components\ColorPicker.cpp">
      <Filter>Source Files</Filter>
    </ClCompile>
    <ClCompile Include="..\Kuplung\kuplung\settings\ConfigUtils.cpp">
      <Filter>Source Files</Filter>
    </ClCompile>
    <ClCompile Include="..\Kuplung\kuplung\utilities\input\Controls.cpp">
      <Filter>Source Files</Filter>
    </ClCompile>
    <ClCompile Include="..\Kuplung\kuplung\meshes\CoordinateSystem.cpp">
      <Filter>Source Files</Filter>
    </ClCompile>
    <ClCompile Include="..\Kuplung\kuplung\ui\dialogs\DialogControlsGUI.cpp">
      <Filter>Source Files</Filter>
    </ClCompile>
    <ClCompile Include="..\Kuplung\kuplung\ui\dialogs\DialogControlsModels.cpp">
      <Filter>Source Files</Filter>
    </ClCompile>
    <ClCompile Include="..\Kuplung\kuplung\ui\dialogs\DialogOptions.cpp">
      <Filter>Source Files</Filter>
    </ClCompile>
    <ClCompile Include="..\Kuplung\kuplung\ui\dialogs\DialogStyle.cpp">
      <Filter>Source Files</Filter>
    </ClCompile>
    <ClCompile Include="..\Kuplung\kuplung\ui\components\Editor.cpp">
      <Filter>Source Files</Filter>
    </ClCompile>
    <ClCompile Include="..\Kuplung\kuplung\utilities\font-parser\FNTParser.cpp">
      <Filter>Source Files</Filter>
    </ClCompile>
    <ClCompile Include="..\Kuplung\kuplung\ui\components\FileBrowser.cpp">
      <Filter>Source Files</Filter>
    </ClCompile>
    <ClCompile Include="..\Kuplung\kuplung\utilities\parsers\FileModelManager.cpp">
      <Filter>Source Files</Filter>
    </ClCompile>
    <ClCompile Include="..\Kuplung\kuplung\settings\FontsList.cpp">
      <Filter>Source Files</Filter>
    </ClCompile>
    <ClCompile Include="..\Kuplung\kuplung\utilities\gl\GLUtils.cpp">
      <Filter>Source Files</Filter>
    </ClCompile>
    <ClCompile Include="..\Kuplung\kuplung\terrain\HeightmapGenerator.cpp">
      <Filter>Source Files</Filter>
    </ClCompile>
    <ClCompile Include="..\Kuplung\kuplung\Kuplung.cpp">
      <Filter>Source Files</Filter>
    </ClCompile>
    <ClCompile Include="..\Kuplung\kuplung\meshes\Light.cpp">
      <Filter>Source Files</Filter>
    </ClCompile>
    <ClCompile Include="..\Kuplung\kuplung\meshes\LightRay.cpp">
      <Filter>Source Files</Filter>
    </ClCompile>
    <ClCompile Include="..\Kuplung\kuplung\ui\components\Log.cpp">
      <Filter>Source Files</Filter>
    </ClCompile>
    <ClCompile Include="..\Kuplung\kuplung\ui\components\MaterialEditor.cpp">
      <Filter>Source Files</Filter>
    </ClCompile>
    <ClCompile Include="..\Kuplung\kuplung\utilities\maths\Maths.cpp">
      <Filter>Source Files</Filter>
    </ClCompile>
    <ClCompile Include="..\Kuplung\kuplung\meshes\ModelFace.cpp">
      <Filter>Source Files</Filter>
    </ClCompile>
    <ClCompile Include="..\Kuplung\kuplung\objects\ObjectsManager.cpp">
      <Filter>Source Files</Filter>
    </ClCompile>
    <ClCompile Include="..\Kuplung\kuplung\ui\implementation\SDL2OpenGL32.cpp">
      <Filter>Source Files</Filter>
    </ClCompile>
    <ClCompile Include="..\Kuplung\kuplung\utilities\parsers\stl-parser\STLParser.cpp">
      <Filter>Source Files</Filter>
    </ClCompile>
    <ClCompile Include="..\Kuplung\kuplung\ui\components\Screenshot.cpp">
      <Filter>Source Files</Filter>
    </ClCompile>
    <ClCompile Include="..\Kuplung\kuplung\settings\Settings.cpp">
      <Filter>Source Files</Filter>
    </ClCompile>
    <ClCompile Include="..\Kuplung\kuplung\ui\components\Tabs.cpp">
      <Filter>Source Files</Filter>
    </ClCompile>
    <ClCompile Include="..\Kuplung\kuplung\meshes\Terrain.cpp">
      <Filter>Source Files</Filter>
    </ClCompile>
    <ClCompile Include="..\Kuplung\kuplung\ui\UI.cpp">
      <Filter>Source Files</Filter>
    </ClCompile>
    <ClCompile Include="..\Kuplung\kuplung\ui\UIHelpers.cpp">
      <Filter>Source Files</Filter>
    </ClCompile>
    <ClCompile Include="..\Kuplung\kuplung\meshes\WorldGrid.cpp">
      <Filter>Source Files</Filter>
    </ClCompile>
    <ClCompile Include="..\Kuplung\kuplung\utilities\imgui\imgui.cpp">
      <Filter>Source Files</Filter>
    </ClCompile>
    <ClCompile Include="..\Kuplung\kuplung\utilities\imgui\imgui_demo.cpp">
      <Filter>Source Files</Filter>
    </ClCompile>
    <ClCompile Include="..\Kuplung\kuplung\utilities\imgui\imgui_draw.cpp">
      <Filter>Source Files</Filter>
    </ClCompile>
    <ClCompile Include="..\Kuplung\main.cpp">
      <Filter>Source Files</Filter>
    </ClCompile>
    <ClCompile Include="..\Kuplung\kuplung\utilities\libnoise\noiseutils.cpp">
      <Filter>Source Files</Filter>
    </ClCompile>
    <ClCompile Include="..\Kuplung\kuplung\utilities\parsers\obj-parser\objParser.cpp">
      <Filter>Source Files</Filter>
    </ClCompile>
  </ItemGroup>
  <ItemGroup>
    <ClInclude Include="..\Kuplung\kuplung\meshes\Camera.hpp">
      <Filter>Header Files</Filter>
    </ClInclude>
    <ClInclude Include="..\Kuplung\kuplung\ui\components\ColorPicker.hpp">
      <Filter>Header Files</Filter>
    </ClInclude>
    <ClInclude Include="..\Kuplung\kuplung\settings\ConfigUtils.hpp">
      <Filter>Header Files</Filter>
    </ClInclude>
    <ClInclude Include="..\Kuplung\kuplung\utilities\input\Controls.hpp">
      <Filter>Header Files</Filter>
    </ClInclude>
    <ClInclude Include="..\Kuplung\kuplung\meshes\CoordinateSystem.hpp">
      <Filter>Header Files</Filter>
    </ClInclude>
    <ClInclude Include="..\Kuplung\kuplung\ui\dialogs\DialogControlsGUI.hpp">
      <Filter>Header Files</Filter>
    </ClInclude>
    <ClInclude Include="..\Kuplung\kuplung\ui\dialogs\DialogControlsModels.hpp">
      <Filter>Header Files</Filter>
    </ClInclude>
    <ClInclude Include="..\Kuplung\kuplung\ui\dialogs\DialogOptions.hpp">
      <Filter>Header Files</Filter>
    </ClInclude>
    <ClInclude Include="..\Kuplung\kuplung\ui\dialogs\DialogStyle.hpp">
      <Filter>Header Files</Filter>
    </ClInclude>
    <ClInclude Include="..\Kuplung\kuplung\ui\components\Editor.hpp">
      <Filter>Header Files</Filter>
    </ClInclude>
    <ClInclude Include="..\Kuplung\kuplung\utilities\font-parser\FNTParser.hpp">
      <Filter>Header Files</Filter>
    </ClInclude>
    <ClInclude Include="..\Kuplung\kuplung\ui\components\FileBrowser.hpp">
      <Filter>Header Files</Filter>
    </ClInclude>
    <ClInclude Include="..\Kuplung\kuplung\utilities\parsers\FileModelManager.hpp">
      <Filter>Header Files</Filter>
    </ClInclude>
    <ClInclude Include="..\Kuplung\kuplung\settings\FontsList.hpp">
      <Filter>Header Files</Filter>
    </ClInclude>
    <ClInclude Include="..\Kuplung\kuplung\utilities\gl\GLIncludes.h">
      <Filter>Header Files</Filter>
    </ClInclude>
    <ClInclude Include="..\Kuplung\kuplung\utilities\gl\GLUtils.hpp">
      <Filter>Header Files</Filter>
    </ClInclude>
    <ClInclude Include="..\Kuplung\kuplung\terrain\HeightmapGenerator.hpp">
      <Filter>Header Files</Filter>
    </ClInclude>
    <ClInclude Include="..\Kuplung\kuplung\ui\iconfonts\IconsFontAwesome.h">
      <Filter>Header Files</Filter>
    </ClInclude>
    <ClInclude Include="..\Kuplung\kuplung\ui\iconfonts\IconsMaterialDesign.h">
      <Filter>Header Files</Filter>
    </ClInclude>
    <ClInclude Include="..\Kuplung\kuplung\Kuplung.hpp">
      <Filter>Header Files</Filter>
    </ClInclude>
    <ClInclude Include="..\Kuplung\kuplung\meshes\Light.hpp">
      <Filter>Header Files</Filter>
    </ClInclude>
    <ClInclude Include="..\Kuplung\kuplung\meshes\LightRay.hpp">
      <Filter>Header Files</Filter>
    </ClInclude>
    <ClInclude Include="..\Kuplung\kuplung\ui\components\Log.hpp">
      <Filter>Header Files</Filter>
    </ClInclude>
    <ClInclude Include="..\Kuplung\kuplung\ui\components\MaterialEditor.hpp">
      <Filter>Header Files</Filter>
    </ClInclude>
    <ClInclude Include="..\Kuplung\kuplung\utilities\maths\Maths.hpp">
      <Filter>Header Files</Filter>
    </ClInclude>
    <ClInclude Include="..\Kuplung\kuplung\meshes\ModelFace.hpp">
      <Filter>Header Files</Filter>
    </ClInclude>
    <ClInclude Include="..\Kuplung\kuplung\utilities\parsers\ModelObject.h">
      <Filter>Header Files</Filter>
    </ClInclude>
    <ClInclude Include="..\Kuplung\kuplung\objects\ObjectDefinitions.h">
      <Filter>Header Files</Filter>
    </ClInclude>
    <ClInclude Include="..\Kuplung\kuplung\ui\Objects.h">
      <Filter>Header Files</Filter>
    </ClInclude>
    <ClInclude Include="..\Kuplung\kuplung\objects\ObjectsManager.hpp">
      <Filter>Header Files</Filter>
    </ClInclude>
    <ClInclude Include="..\Kuplung\kuplung\ui\implementation\SDL2OpenGL32.hpp">
      <Filter>Header Files</Filter>
    </ClInclude>
    <ClInclude Include="..\Kuplung\kuplung\utilities\parsers\stl-parser\STLParser.hpp">
      <Filter>Header Files</Filter>
    </ClInclude>
    <ClInclude Include="..\Kuplung\kuplung\ui\components\Screenshot.hpp">
      <Filter>Header Files</Filter>
    </ClInclude>
    <ClInclude Include="..\Kuplung\kuplung\settings\Settings.h">
      <Filter>Header Files</Filter>
    </ClInclude>
    <ClInclude Include="..\Kuplung\kuplung\ui\components\Tabs.hpp">
      <Filter>Header Files</Filter>
    </ClInclude>
    <ClInclude Include="..\Kuplung\kuplung\meshes\Terrain.hpp">
      <Filter>Header Files</Filter>
    </ClInclude>
    <ClInclude Include="..\Kuplung\kuplung\ui\UI.hpp">
      <Filter>Header Files</Filter>
    </ClInclude>
    <ClInclude Include="..\Kuplung\kuplung\ui\UIHelpers.hpp">
      <Filter>Header Files</Filter>
    </ClInclude>
    <ClInclude Include="..\Kuplung\kuplung\meshes\WorldGrid.hpp">
      <Filter>Header Files</Filter>
    </ClInclude>
    <ClInclude Include="..\Kuplung\kuplung\utilities\imgui\imconfig.h">
      <Filter>Header Files</Filter>
    </ClInclude>
    <ClInclude Include="..\Kuplung\kuplung\utilities\imgui\imgui.h">
      <Filter>Header Files</Filter>
    </ClInclude>
    <ClInclude Include="..\Kuplung\kuplung\utilities\imgui\imgui_internal.h">
      <Filter>Header Files</Filter>
    </ClInclude>
    <ClInclude Include="..\Kuplung\kuplung\utilities\libnoise\noiseutils.h">
      <Filter>Header Files</Filter>
    </ClInclude>
    <ClInclude Include="..\Kuplung\kuplung\utilities\parsers\obj-parser\objParser.hpp">
      <Filter>Header Files</Filter>
    </ClInclude>
    <ClInclude Include="..\Kuplung\kuplung\utilities\stb\stb_image.h">
      <Filter>Header Files</Filter>
    </ClInclude>
    <ClInclude Include="..\Kuplung\kuplung\utilities\stb\stb_image_write.h">
      <Filter>Header Files</Filter>
    </ClInclude>
    <ClInclude Include="..\Kuplung\kuplung\utilities\stb\stb_rect_pack.h">
      <Filter>Header Files</Filter>
    </ClInclude>
    <ClInclude Include="..\Kuplung\kuplung\utilities\stb\stb_textedit.h">
      <Filter>Header Files</Filter>
    </ClInclude>
    <ClInclude Include="..\Kuplung\kuplung\utilities\stb\stb_truetype.h">
      <Filter>Header Files</Filter>
    </ClInclude>
  </ItemGroup>
  <ItemGroup>
    <None Include="..\Kuplung\resources\shaders\axis.frag">
      <Filter>Distribution Files</Filter>
    </None>
    <None Include="..\Kuplung\resources\shaders\axis.vert">
      <Filter>Distribution Files</Filter>
    </None>
    <None Include="..\Kuplung\resources\fonts\fontawesome-webfont.ttf">
      <Filter>Distribution Files</Filter>
    </None>
    <None Include="..\Kuplung\resources\shaders\grid.frag">
      <Filter>Distribution Files</Filter>
    </None>
    <None Include="..\Kuplung\resources\shaders\grid.vert">
      <Filter>Distribution Files</Filter>
    </None>
    <None Include="..\Kuplung\resources\shaders\light.frag">
      <Filter>Distribution Files</Filter>
    </None>
    <None Include="..\Kuplung\resources\shaders\light.vert">
      <Filter>Distribution Files</Filter>
    </None>
    <None Include="..\Kuplung\resources\shaders\light_ray.frag">
      <Filter>Distribution Files</Filter>
    </None>
    <None Include="..\Kuplung\resources\shaders\light_ray.vert">
      <Filter>Distribution Files</Filter>
    </None>
    <None Include="..\Kuplung\resources\fonts\material-icons-regular.ttf">
      <Filter>Distribution Files</Filter>
    </None>
    <None Include="..\Kuplung\resources\shaders\model_face.frag">
      <Filter>Distribution Files</Filter>
    </None>
    <None Include="..\Kuplung\resources\shaders\model_face.geom">
      <Filter>Distribution Files</Filter>
    </None>
    <None Include="..\Kuplung\resources\shaders\model_face.tcs">
      <Filter>Distribution Files</Filter>
    </None>
    <None Include="..\Kuplung\resources\shaders\model_face.tes">
      <Filter>Distribution Files</Filter>
    </None>
    <None Include="..\Kuplung\resources\shaders\model_face.vert">
      <Filter>Distribution Files</Filter>
    </None>
    <None Include="..\Kuplung\resources\shaders\reflection.frag">
      <Filter>Distribution Files</Filter>
    </None>
    <None Include="..\Kuplung\resources\shaders\reflection.vert">
      <Filter>Distribution Files</Filter>
    </None>
    <None Include="..\Kuplung\resources\shaders\terrain.frag">
      <Filter>Distribution Files</Filter>
    </None>
    <None Include="..\Kuplung\resources\shaders\terrain.vert">
      <Filter>Distribution Files</Filter>
    </None>
    <None Include="packages.config" />
  </ItemGroup>
  <ItemGroup>
    <ResourceCompile Include="D:\_Projects\Kuplung\VS2015\kuplung_resource.rc" />
  </ItemGroup>
</Project>