// !$*UTF8*$!
{
	archiveVersion = 1;
	classes = {
	};
	objectVersion = 46;
	objects = {

/* Begin PBXBuildFile section */
		8A03647C1C6B71D9001489C8 /* ObjectsManager.cpp in Sources */ = {isa = PBXBuildFile; fileRef = 8A0364791C6B71D9001489C8 /* ObjectsManager.cpp */; };
		8A0364891C6B71EC001489C8 /* CoordinateSystem.cpp in Sources */ = {isa = PBXBuildFile; fileRef = 8A03647D1C6B71EC001489C8 /* CoordinateSystem.cpp */; };
		8A03648B1C6B71EC001489C8 /* Light.cpp in Sources */ = {isa = PBXBuildFile; fileRef = 8A0364811C6B71EC001489C8 /* Light.cpp */; };
		8A03648C1C6B71EC001489C8 /* ModelFace.cpp in Sources */ = {isa = PBXBuildFile; fileRef = 8A0364831C6B71EC001489C8 /* ModelFace.cpp */; };
		8A03648D1C6B71EC001489C8 /* Terrain.cpp in Sources */ = {isa = PBXBuildFile; fileRef = 8A0364851C6B71EC001489C8 /* Terrain.cpp */; };
		8A03648E1C6B71EC001489C8 /* WorldGrid.cpp in Sources */ = {isa = PBXBuildFile; fileRef = 8A0364871C6B71EC001489C8 /* WorldGrid.cpp */; };
		8A04DBD31C63BB310023CA07 /* Kuplung_Settings.ini in Copy Files */ = {isa = PBXBuildFile; fileRef = 8A04DBD21C63BB2A0023CA07 /* Kuplung_Settings.ini */; };
		8A1AFB251C71FC47004888D8 /* UIHelpers.cpp in Sources */ = {isa = PBXBuildFile; fileRef = 8A1AFB231C71FC47004888D8 /* UIHelpers.cpp */; };
		8A1AFB2A1C71FC58004888D8 /* DialogControlsGUI.cpp in Sources */ = {isa = PBXBuildFile; fileRef = 8A1AFB261C71FC58004888D8 /* DialogControlsGUI.cpp */; };
		8A1AFB2B1C71FC58004888D8 /* DialogControlsModels.cpp in Sources */ = {isa = PBXBuildFile; fileRef = 8A1AFB281C71FC58004888D8 /* DialogControlsModels.cpp */; };
		8A4086461C64E54600101017 /* fontawesome-webfont.ttf in CopyFiles */ = {isa = PBXBuildFile; fileRef = 8A4086441C64E53500101017 /* fontawesome-webfont.ttf */; };
		8A4086471C64E54900101017 /* material-icons-regular.ttf in CopyFiles */ = {isa = PBXBuildFile; fileRef = 8A4086451C64E53500101017 /* material-icons-regular.ttf */; };
		8A54F1191C7609DC00B93D18 /* MaterialEditor.cpp in Sources */ = {isa = PBXBuildFile; fileRef = 8A54F1171C7609DC00B93D18 /* MaterialEditor.cpp */; };
		8A54F11C1C760A0F00B93D18 /* Camera.cpp in Sources */ = {isa = PBXBuildFile; fileRef = 8A54F11A1C760A0F00B93D18 /* Camera.cpp */; };
		8A6E70551C6CAC960085CAE5 /* LightRay.cpp in Sources */ = {isa = PBXBuildFile; fileRef = 8A6E70531C6CAC960085CAE5 /* LightRay.cpp */; };
		8A6E705D1C6CACAC0085CAE5 /* ConfigUtils.cpp in Sources */ = {isa = PBXBuildFile; fileRef = 8A6E70571C6CACAC0085CAE5 /* ConfigUtils.cpp */; };
		8A6E705E1C6CACAC0085CAE5 /* FontsList.cpp in Sources */ = {isa = PBXBuildFile; fileRef = 8A6E70591C6CACAC0085CAE5 /* FontsList.cpp */; };
		8A6E705F1C6CACAC0085CAE5 /* Settings.cpp in Sources */ = {isa = PBXBuildFile; fileRef = 8A6E705B1C6CACAC0085CAE5 /* Settings.cpp */; };
		8A6E70A51C6CACB40085CAE5 /* HeightmapGenerator.cpp in Sources */ = {isa = PBXBuildFile; fileRef = 8A6E70611C6CACB40085CAE5 /* HeightmapGenerator.cpp */; };
		8A6E70A61C6CACB40085CAE5 /* ColorPicker.cpp in Sources */ = {isa = PBXBuildFile; fileRef = 8A6E70651C6CACB40085CAE5 /* ColorPicker.cpp */; };
		8A6E70A71C6CACB40085CAE5 /* Editor.cpp in Sources */ = {isa = PBXBuildFile; fileRef = 8A6E70671C6CACB40085CAE5 /* Editor.cpp */; };
		8A6E70A81C6CACB40085CAE5 /* FileBrowser.cpp in Sources */ = {isa = PBXBuildFile; fileRef = 8A6E70691C6CACB40085CAE5 /* FileBrowser.cpp */; };
		8A6E70A91C6CACB40085CAE5 /* Log.cpp in Sources */ = {isa = PBXBuildFile; fileRef = 8A6E706D1C6CACB40085CAE5 /* Log.cpp */; };
		8A6E70AA1C6CACB40085CAE5 /* Screenshot.cpp in Sources */ = {isa = PBXBuildFile; fileRef = 8A6E706F1C6CACB40085CAE5 /* Screenshot.cpp */; };
		8A6E70AB1C6CACB40085CAE5 /* Tabs.cpp in Sources */ = {isa = PBXBuildFile; fileRef = 8A6E70711C6CACB40085CAE5 /* Tabs.cpp */; };
		8A6E70AC1C6CACB40085CAE5 /* DialogOptions.cpp in Sources */ = {isa = PBXBuildFile; fileRef = 8A6E70741C6CACB40085CAE5 /* DialogOptions.cpp */; };
		8A6E70AD1C6CACB40085CAE5 /* DialogStyle.cpp in Sources */ = {isa = PBXBuildFile; fileRef = 8A6E70761C6CACB40085CAE5 /* DialogStyle.cpp */; };
		8A6E70AF1C6CACB40085CAE5 /* SDL2OpenGL32.cpp in Sources */ = {isa = PBXBuildFile; fileRef = 8A6E707B1C6CACB40085CAE5 /* SDL2OpenGL32.cpp */; };
		8A6E70B01C6CACB40085CAE5 /* UI.cpp in Sources */ = {isa = PBXBuildFile; fileRef = 8A6E707E1C6CACB40085CAE5 /* UI.cpp */; };
		8A6E70B11C6CACB40085CAE5 /* FNTParser.cpp in Sources */ = {isa = PBXBuildFile; fileRef = 8A6E70821C6CACB40085CAE5 /* FNTParser.cpp */; };
		8A6E70B21C6CACB40085CAE5 /* GLUtils.cpp in Sources */ = {isa = PBXBuildFile; fileRef = 8A6E70861C6CACB40085CAE5 /* GLUtils.cpp */; };
		8A6E70B31C6CACB40085CAE5 /* imgui.cpp in Sources */ = {isa = PBXBuildFile; fileRef = 8A6E708A1C6CACB40085CAE5 /* imgui.cpp */; };
		8A6E70B41C6CACB40085CAE5 /* imgui_demo.cpp in Sources */ = {isa = PBXBuildFile; fileRef = 8A6E708C1C6CACB40085CAE5 /* imgui_demo.cpp */; };
		8A6E70B51C6CACB40085CAE5 /* imgui_draw.cpp in Sources */ = {isa = PBXBuildFile; fileRef = 8A6E708D1C6CACB40085CAE5 /* imgui_draw.cpp */; };
		8A6E70B61C6CACB40085CAE5 /* Controls.cpp in Sources */ = {isa = PBXBuildFile; fileRef = 8A6E70901C6CACB40085CAE5 /* Controls.cpp */; };
		8A6E70B71C6CACB40085CAE5 /* noiseutils.cpp in Sources */ = {isa = PBXBuildFile; fileRef = 8A6E70931C6CACB40085CAE5 /* noiseutils.cpp */; };
		8A6E70B81C6CACB40085CAE5 /* FileModelManager.cpp in Sources */ = {isa = PBXBuildFile; fileRef = 8A6E70961C6CACB40085CAE5 /* FileModelManager.cpp */; };
		8A6E70B91C6CACB40085CAE5 /* objParser.cpp in Sources */ = {isa = PBXBuildFile; fileRef = 8A6E709A1C6CACB40085CAE5 /* objParser.cpp */; };
		8A6E70BA1C6CACB40085CAE5 /* STLParser.cpp in Sources */ = {isa = PBXBuildFile; fileRef = 8A6E709D1C6CACB40085CAE5 /* STLParser.cpp */; };
		8AA5EDF61C773E0B009F1F52 /* axis.frag in Copy Files */ = {isa = PBXBuildFile; fileRef = 8AA5EDE71C773DF8009F1F52 /* axis.frag */; };
		8AA5EDF71C773E0B009F1F52 /* axis.vert in Copy Files */ = {isa = PBXBuildFile; fileRef = 8AA5EDE81C773DF8009F1F52 /* axis.vert */; };
		8AA5EDF81C773E0B009F1F52 /* grid.frag in Copy Files */ = {isa = PBXBuildFile; fileRef = 8AA5EDE91C773DF8009F1F52 /* grid.frag */; };
		8AA5EDF91C773E0B009F1F52 /* grid.vert in Copy Files */ = {isa = PBXBuildFile; fileRef = 8AA5EDEA1C773DF8009F1F52 /* grid.vert */; };
		8AA5EDFA1C773E0B009F1F52 /* light_ray.frag in Copy Files */ = {isa = PBXBuildFile; fileRef = 8AA5EDEB1C773DF8009F1F52 /* light_ray.frag */; };
		8AA5EDFB1C773E0B009F1F52 /* light_ray.vert in Copy Files */ = {isa = PBXBuildFile; fileRef = 8AA5EDEC1C773DF8009F1F52 /* light_ray.vert */; };
		8AA5EDFC1C773E0B009F1F52 /* light.frag in Copy Files */ = {isa = PBXBuildFile; fileRef = 8AA5EDED1C773DF8009F1F52 /* light.frag */; };
		8AA5EDFD1C773E0B009F1F52 /* light.vert in Copy Files */ = {isa = PBXBuildFile; fileRef = 8AA5EDEE1C773DF8009F1F52 /* light.vert */; };
		8AA5EDFE1C773E0B009F1F52 /* model_face.frag in Copy Files */ = {isa = PBXBuildFile; fileRef = 8AA5EDEF1C773DF8009F1F52 /* model_face.frag */; };
		8AA5EDFF1C773E0B009F1F52 /* model_face.geom in Copy Files */ = {isa = PBXBuildFile; fileRef = 8AA5EDF01C773DF8009F1F52 /* model_face.geom */; };
		8AA5EE001C773E0B009F1F52 /* model_face.tcs in Copy Files */ = {isa = PBXBuildFile; fileRef = 8AA5EDF11C773DF8009F1F52 /* model_face.tcs */; };
		8AA5EE011C773E0B009F1F52 /* model_face.tes in Copy Files */ = {isa = PBXBuildFile; fileRef = 8AA5EDF21C773DF8009F1F52 /* model_face.tes */; };
		8AA5EE021C773E0B009F1F52 /* model_face.vert in Copy Files */ = {isa = PBXBuildFile; fileRef = 8AA5EDF31C773DF8009F1F52 /* model_face.vert */; };
		8AA5EE031C773E0B009F1F52 /* terrain.frag in Copy Files */ = {isa = PBXBuildFile; fileRef = 8AA5EDF41C773DF8009F1F52 /* terrain.frag */; };
		8AA5EE041C773E0B009F1F52 /* terrain.vert in Copy Files */ = {isa = PBXBuildFile; fileRef = 8AA5EDF51C773DF8009F1F52 /* terrain.vert */; };
		8AB6F0691C3A9BEE00665C40 /* Kuplung.cpp in Sources */ = {isa = PBXBuildFile; fileRef = 8AB6F0101C3A9BEE00665C40 /* Kuplung.cpp */; };
		8AB6F0AF1C3AA25000665C40 /* Kuplung.icns in Copy Files */ = {isa = PBXBuildFile; fileRef = 8AB6F0AE1C3AA24A00665C40 /* Kuplung.icns */; };
		8AB6F0B01C3AA27D00665C40 /* light.mtl in CopyFiles */ = {isa = PBXBuildFile; fileRef = 8AB6F0991C3AA1F900665C40 /* light.mtl */; };
		8AB6F0B11C3AA27D00665C40 /* light.obj in CopyFiles */ = {isa = PBXBuildFile; fileRef = 8AB6F09A1C3AA1F900665C40 /* light.obj */; };
		8AB6F0B21C3AA27D00665C40 /* light_texture.jpg in CopyFiles */ = {isa = PBXBuildFile; fileRef = 8AB6F09B1C3AA1F900665C40 /* light_texture.jpg */; };
		8AB6F0B31C3AA27D00665C40 /* ui_font.fnt in CopyFiles */ = {isa = PBXBuildFile; fileRef = 8AB6F09C1C3AA1F900665C40 /* ui_font.fnt */; };
		8AB6F0B41C3AA27D00665C40 /* ui_font.png in CopyFiles */ = {isa = PBXBuildFile; fileRef = 8AB6F09D1C3AA1F900665C40 /* ui_font.png */; };
		8AC828B41BF5FEE7009C74E0 /* main.cpp in Sources */ = {isa = PBXBuildFile; fileRef = 8AC828B31BF5FEE7009C74E0 /* main.cpp */; };
		8AD104041C049E8A008CE831 /* OpenGL.framework in Frameworks */ = {isa = PBXBuildFile; fileRef = 8AD104031C049E8A008CE831 /* OpenGL.framework */; };
		8AD104061C05C489008CE831 /* GLUT.framework in Frameworks */ = {isa = PBXBuildFile; fileRef = 8AD104051C05C489008CE831 /* GLUT.framework */; };
/* End PBXBuildFile section */

/* Begin PBXCopyFilesBuildPhase section */
		8AC5748B1C3549F700069C7D /* CopyFiles */ = {
			isa = PBXCopyFilesBuildPhase;
			buildActionMask = 2147483647;
			dstPath = gui;
			dstSubfolderSpec = 7;
			files = (
				8AB6F0B01C3AA27D00665C40 /* light.mtl in CopyFiles */,
				8AB6F0B11C3AA27D00665C40 /* light.obj in CopyFiles */,
				8AB6F0B21C3AA27D00665C40 /* light_texture.jpg in CopyFiles */,
				8AB6F0B31C3AA27D00665C40 /* ui_font.fnt in CopyFiles */,
				8AB6F0B41C3AA27D00665C40 /* ui_font.png in CopyFiles */,
			);
			runOnlyForDeploymentPostprocessing = 0;
		};
		8AC5748C1C3549F800069C7D /* Copy Files */ = {
			isa = PBXCopyFilesBuildPhase;
			buildActionMask = 2147483647;
			dstPath = shaders;
			dstSubfolderSpec = 7;
			files = (
				8AA5EDF61C773E0B009F1F52 /* axis.frag in Copy Files */,
				8AA5EDF71C773E0B009F1F52 /* axis.vert in Copy Files */,
				8AA5EDF81C773E0B009F1F52 /* grid.frag in Copy Files */,
				8AA5EDF91C773E0B009F1F52 /* grid.vert in Copy Files */,
				8AA5EDFA1C773E0B009F1F52 /* light_ray.frag in Copy Files */,
				8AA5EDFB1C773E0B009F1F52 /* light_ray.vert in Copy Files */,
				8AA5EDFC1C773E0B009F1F52 /* light.frag in Copy Files */,
				8AA5EDFD1C773E0B009F1F52 /* light.vert in Copy Files */,
				8AA5EDFE1C773E0B009F1F52 /* model_face.frag in Copy Files */,
				8AA5EDFF1C773E0B009F1F52 /* model_face.geom in Copy Files */,
				8AA5EE001C773E0B009F1F52 /* model_face.tcs in Copy Files */,
				8AA5EE011C773E0B009F1F52 /* model_face.tes in Copy Files */,
				8AA5EE021C773E0B009F1F52 /* model_face.vert in Copy Files */,
				8AA5EE031C773E0B009F1F52 /* terrain.frag in Copy Files */,
				8AA5EE041C773E0B009F1F52 /* terrain.vert in Copy Files */,
			);
			name = "Copy Files";
			runOnlyForDeploymentPostprocessing = 0;
		};
		8AC828AE1BF5FEE7009C74E0 /* Copy Files */ = {
			isa = PBXCopyFilesBuildPhase;
			buildActionMask = 12;
			dstPath = "";
			dstSubfolderSpec = 7;
			files = (
				8AB6F0AF1C3AA25000665C40 /* Kuplung.icns in Copy Files */,
				8A04DBD31C63BB310023CA07 /* Kuplung_Settings.ini in Copy Files */,
			);
			name = "Copy Files";
			runOnlyForDeploymentPostprocessing = 0;
		};
		8AD236621C5A4F950001E934 /* CopyFiles */ = {
			isa = PBXCopyFilesBuildPhase;
			buildActionMask = 2147483647;
			dstPath = fonts;
			dstSubfolderSpec = 7;
			files = (
				8A4086461C64E54600101017 /* fontawesome-webfont.ttf in CopyFiles */,
				8A4086471C64E54900101017 /* material-icons-regular.ttf in CopyFiles */,
			);
			runOnlyForDeploymentPostprocessing = 0;
		};
/* End PBXCopyFilesBuildPhase section */

/* Begin PBXFileReference section */
		8A0364781C6B71D9001489C8 /* ObjectDefinitions.h */ = {isa = PBXFileReference; fileEncoding = 4; lastKnownFileType = sourcecode.c.h; path = ObjectDefinitions.h; sourceTree = "<group>"; };
		8A0364791C6B71D9001489C8 /* ObjectsManager.cpp */ = {isa = PBXFileReference; fileEncoding = 4; lastKnownFileType = sourcecode.cpp.cpp; path = ObjectsManager.cpp; sourceTree = "<group>"; };
		8A03647A1C6B71D9001489C8 /* ObjectsManager.hpp */ = {isa = PBXFileReference; fileEncoding = 4; lastKnownFileType = sourcecode.cpp.h; path = ObjectsManager.hpp; sourceTree = "<group>"; };
		8A03647D1C6B71EC001489C8 /* CoordinateSystem.cpp */ = {isa = PBXFileReference; fileEncoding = 4; lastKnownFileType = sourcecode.cpp.cpp; path = CoordinateSystem.cpp; sourceTree = "<group>"; };
		8A03647E1C6B71EC001489C8 /* CoordinateSystem.hpp */ = {isa = PBXFileReference; fileEncoding = 4; lastKnownFileType = sourcecode.cpp.h; path = CoordinateSystem.hpp; sourceTree = "<group>"; };
		8A0364811C6B71EC001489C8 /* Light.cpp */ = {isa = PBXFileReference; fileEncoding = 4; lastKnownFileType = sourcecode.cpp.cpp; path = Light.cpp; sourceTree = "<group>"; };
		8A0364821C6B71EC001489C8 /* Light.hpp */ = {isa = PBXFileReference; fileEncoding = 4; lastKnownFileType = sourcecode.cpp.h; path = Light.hpp; sourceTree = "<group>"; };
		8A0364831C6B71EC001489C8 /* ModelFace.cpp */ = {isa = PBXFileReference; fileEncoding = 4; lastKnownFileType = sourcecode.cpp.cpp; path = ModelFace.cpp; sourceTree = "<group>"; };
		8A0364841C6B71EC001489C8 /* ModelFace.hpp */ = {isa = PBXFileReference; fileEncoding = 4; lastKnownFileType = sourcecode.cpp.h; path = ModelFace.hpp; sourceTree = "<group>"; };
		8A0364851C6B71EC001489C8 /* Terrain.cpp */ = {isa = PBXFileReference; fileEncoding = 4; lastKnownFileType = sourcecode.cpp.cpp; path = Terrain.cpp; sourceTree = "<group>"; };
		8A0364861C6B71EC001489C8 /* Terrain.hpp */ = {isa = PBXFileReference; fileEncoding = 4; lastKnownFileType = sourcecode.cpp.h; path = Terrain.hpp; sourceTree = "<group>"; };
		8A0364871C6B71EC001489C8 /* WorldGrid.cpp */ = {isa = PBXFileReference; fileEncoding = 4; lastKnownFileType = sourcecode.cpp.cpp; path = WorldGrid.cpp; sourceTree = "<group>"; };
		8A0364881C6B71EC001489C8 /* WorldGrid.hpp */ = {isa = PBXFileReference; fileEncoding = 4; lastKnownFileType = sourcecode.cpp.h; path = WorldGrid.hpp; sourceTree = "<group>"; };
		8A04DBD21C63BB2A0023CA07 /* Kuplung_Settings.ini */ = {isa = PBXFileReference; fileEncoding = 4; lastKnownFileType = text; path = Kuplung_Settings.ini; sourceTree = "<group>"; };
		8A1AFB211C71FC3F004888D8 /* IconsFontAwesome.h */ = {isa = PBXFileReference; fileEncoding = 4; lastKnownFileType = sourcecode.c.h; path = IconsFontAwesome.h; sourceTree = "<group>"; };
		8A1AFB221C71FC3F004888D8 /* IconsMaterialDesign.h */ = {isa = PBXFileReference; fileEncoding = 4; lastKnownFileType = sourcecode.c.h; path = IconsMaterialDesign.h; sourceTree = "<group>"; };
		8A1AFB231C71FC47004888D8 /* UIHelpers.cpp */ = {isa = PBXFileReference; fileEncoding = 4; lastKnownFileType = sourcecode.cpp.cpp; path = UIHelpers.cpp; sourceTree = "<group>"; };
		8A1AFB241C71FC47004888D8 /* UIHelpers.hpp */ = {isa = PBXFileReference; fileEncoding = 4; lastKnownFileType = sourcecode.cpp.h; path = UIHelpers.hpp; sourceTree = "<group>"; };
		8A1AFB261C71FC58004888D8 /* DialogControlsGUI.cpp */ = {isa = PBXFileReference; fileEncoding = 4; lastKnownFileType = sourcecode.cpp.cpp; path = DialogControlsGUI.cpp; sourceTree = "<group>"; };
		8A1AFB271C71FC58004888D8 /* DialogControlsGUI.hpp */ = {isa = PBXFileReference; fileEncoding = 4; lastKnownFileType = sourcecode.cpp.h; path = DialogControlsGUI.hpp; sourceTree = "<group>"; };
		8A1AFB281C71FC58004888D8 /* DialogControlsModels.cpp */ = {isa = PBXFileReference; fileEncoding = 4; lastKnownFileType = sourcecode.cpp.cpp; path = DialogControlsModels.cpp; sourceTree = "<group>"; };
		8A1AFB291C71FC58004888D8 /* DialogControlsModels.hpp */ = {isa = PBXFileReference; fileEncoding = 4; lastKnownFileType = sourcecode.cpp.h; path = DialogControlsModels.hpp; sourceTree = "<group>"; };
		8A4086441C64E53500101017 /* fontawesome-webfont.ttf */ = {isa = PBXFileReference; lastKnownFileType = file; path = "fontawesome-webfont.ttf"; sourceTree = "<group>"; };
		8A4086451C64E53500101017 /* material-icons-regular.ttf */ = {isa = PBXFileReference; lastKnownFileType = file; path = "material-icons-regular.ttf"; sourceTree = "<group>"; };
		8A54F1171C7609DC00B93D18 /* MaterialEditor.cpp */ = {isa = PBXFileReference; fileEncoding = 4; lastKnownFileType = sourcecode.cpp.cpp; path = MaterialEditor.cpp; sourceTree = "<group>"; };
		8A54F1181C7609DC00B93D18 /* MaterialEditor.hpp */ = {isa = PBXFileReference; fileEncoding = 4; lastKnownFileType = sourcecode.cpp.h; path = MaterialEditor.hpp; sourceTree = "<group>"; };
		8A54F11A1C760A0F00B93D18 /* Camera.cpp */ = {isa = PBXFileReference; fileEncoding = 4; lastKnownFileType = sourcecode.cpp.cpp; path = Camera.cpp; sourceTree = "<group>"; };
		8A54F11B1C760A0F00B93D18 /* Camera.hpp */ = {isa = PBXFileReference; fileEncoding = 4; lastKnownFileType = sourcecode.cpp.h; path = Camera.hpp; sourceTree = "<group>"; };
		8A6E70531C6CAC960085CAE5 /* LightRay.cpp */ = {isa = PBXFileReference; fileEncoding = 4; lastKnownFileType = sourcecode.cpp.cpp; path = LightRay.cpp; sourceTree = "<group>"; };
		8A6E70541C6CAC960085CAE5 /* LightRay.hpp */ = {isa = PBXFileReference; fileEncoding = 4; lastKnownFileType = sourcecode.cpp.h; path = LightRay.hpp; sourceTree = "<group>"; };
		8A6E70571C6CACAC0085CAE5 /* ConfigUtils.cpp */ = {isa = PBXFileReference; fileEncoding = 4; lastKnownFileType = sourcecode.cpp.cpp; path = ConfigUtils.cpp; sourceTree = "<group>"; };
		8A6E70581C6CACAC0085CAE5 /* ConfigUtils.hpp */ = {isa = PBXFileReference; fileEncoding = 4; lastKnownFileType = sourcecode.cpp.h; path = ConfigUtils.hpp; sourceTree = "<group>"; };
		8A6E70591C6CACAC0085CAE5 /* FontsList.cpp */ = {isa = PBXFileReference; fileEncoding = 4; lastKnownFileType = sourcecode.cpp.cpp; path = FontsList.cpp; sourceTree = "<group>"; };
		8A6E705A1C6CACAC0085CAE5 /* FontsList.hpp */ = {isa = PBXFileReference; fileEncoding = 4; lastKnownFileType = sourcecode.cpp.h; path = FontsList.hpp; sourceTree = "<group>"; };
		8A6E705B1C6CACAC0085CAE5 /* Settings.cpp */ = {isa = PBXFileReference; fileEncoding = 4; lastKnownFileType = sourcecode.cpp.cpp; path = Settings.cpp; sourceTree = "<group>"; };
		8A6E705C1C6CACAC0085CAE5 /* Settings.h */ = {isa = PBXFileReference; fileEncoding = 4; lastKnownFileType = sourcecode.c.h; path = Settings.h; sourceTree = "<group>"; };
		8A6E70611C6CACB40085CAE5 /* HeightmapGenerator.cpp */ = {isa = PBXFileReference; fileEncoding = 4; lastKnownFileType = sourcecode.cpp.cpp; path = HeightmapGenerator.cpp; sourceTree = "<group>"; };
		8A6E70621C6CACB40085CAE5 /* HeightmapGenerator.hpp */ = {isa = PBXFileReference; fileEncoding = 4; lastKnownFileType = sourcecode.cpp.h; path = HeightmapGenerator.hpp; sourceTree = "<group>"; };
		8A6E70651C6CACB40085CAE5 /* ColorPicker.cpp */ = {isa = PBXFileReference; fileEncoding = 4; lastKnownFileType = sourcecode.cpp.cpp; path = ColorPicker.cpp; sourceTree = "<group>"; };
		8A6E70661C6CACB40085CAE5 /* ColorPicker.hpp */ = {isa = PBXFileReference; fileEncoding = 4; lastKnownFileType = sourcecode.cpp.h; path = ColorPicker.hpp; sourceTree = "<group>"; };
		8A6E70671C6CACB40085CAE5 /* Editor.cpp */ = {isa = PBXFileReference; fileEncoding = 4; lastKnownFileType = sourcecode.cpp.cpp; path = Editor.cpp; sourceTree = "<group>"; };
		8A6E70681C6CACB40085CAE5 /* Editor.hpp */ = {isa = PBXFileReference; fileEncoding = 4; lastKnownFileType = sourcecode.cpp.h; path = Editor.hpp; sourceTree = "<group>"; };
		8A6E70691C6CACB40085CAE5 /* FileBrowser.cpp */ = {isa = PBXFileReference; fileEncoding = 4; lastKnownFileType = sourcecode.cpp.cpp; path = FileBrowser.cpp; sourceTree = "<group>"; };
		8A6E706A1C6CACB40085CAE5 /* FileBrowser.hpp */ = {isa = PBXFileReference; fileEncoding = 4; lastKnownFileType = sourcecode.cpp.h; path = FileBrowser.hpp; sourceTree = "<group>"; };
		8A6E706D1C6CACB40085CAE5 /* Log.cpp */ = {isa = PBXFileReference; fileEncoding = 4; lastKnownFileType = sourcecode.cpp.cpp; path = Log.cpp; sourceTree = "<group>"; };
		8A6E706E1C6CACB40085CAE5 /* Log.hpp */ = {isa = PBXFileReference; fileEncoding = 4; lastKnownFileType = sourcecode.cpp.h; path = Log.hpp; sourceTree = "<group>"; };
		8A6E706F1C6CACB40085CAE5 /* Screenshot.cpp */ = {isa = PBXFileReference; fileEncoding = 4; lastKnownFileType = sourcecode.cpp.cpp; path = Screenshot.cpp; sourceTree = "<group>"; };
		8A6E70701C6CACB40085CAE5 /* Screenshot.hpp */ = {isa = PBXFileReference; fileEncoding = 4; lastKnownFileType = sourcecode.cpp.h; path = Screenshot.hpp; sourceTree = "<group>"; };
		8A6E70711C6CACB40085CAE5 /* Tabs.cpp */ = {isa = PBXFileReference; fileEncoding = 4; lastKnownFileType = sourcecode.cpp.cpp; path = Tabs.cpp; sourceTree = "<group>"; };
		8A6E70721C6CACB40085CAE5 /* Tabs.hpp */ = {isa = PBXFileReference; fileEncoding = 4; lastKnownFileType = sourcecode.cpp.h; path = Tabs.hpp; sourceTree = "<group>"; };
		8A6E70741C6CACB40085CAE5 /* DialogOptions.cpp */ = {isa = PBXFileReference; fileEncoding = 4; lastKnownFileType = sourcecode.cpp.cpp; path = DialogOptions.cpp; sourceTree = "<group>"; };
		8A6E70751C6CACB40085CAE5 /* DialogOptions.hpp */ = {isa = PBXFileReference; fileEncoding = 4; lastKnownFileType = sourcecode.cpp.h; path = DialogOptions.hpp; sourceTree = "<group>"; };
		8A6E70761C6CACB40085CAE5 /* DialogStyle.cpp */ = {isa = PBXFileReference; fileEncoding = 4; lastKnownFileType = sourcecode.cpp.cpp; path = DialogStyle.cpp; sourceTree = "<group>"; };
		8A6E70771C6CACB40085CAE5 /* DialogStyle.hpp */ = {isa = PBXFileReference; fileEncoding = 4; lastKnownFileType = sourcecode.cpp.h; path = DialogStyle.hpp; sourceTree = "<group>"; };
		8A6E707B1C6CACB40085CAE5 /* SDL2OpenGL32.cpp */ = {isa = PBXFileReference; fileEncoding = 4; lastKnownFileType = sourcecode.cpp.cpp; path = SDL2OpenGL32.cpp; sourceTree = "<group>"; };
		8A6E707C1C6CACB40085CAE5 /* SDL2OpenGL32.hpp */ = {isa = PBXFileReference; fileEncoding = 4; lastKnownFileType = sourcecode.cpp.h; path = SDL2OpenGL32.hpp; sourceTree = "<group>"; };
		8A6E707D1C6CACB40085CAE5 /* Objects.h */ = {isa = PBXFileReference; fileEncoding = 4; lastKnownFileType = sourcecode.c.h; path = Objects.h; sourceTree = "<group>"; };
		8A6E707E1C6CACB40085CAE5 /* UI.cpp */ = {isa = PBXFileReference; fileEncoding = 4; lastKnownFileType = sourcecode.cpp.cpp; path = UI.cpp; sourceTree = "<group>"; };
		8A6E707F1C6CACB40085CAE5 /* UI.hpp */ = {isa = PBXFileReference; fileEncoding = 4; lastKnownFileType = sourcecode.cpp.h; path = UI.hpp; sourceTree = "<group>"; };
		8A6E70821C6CACB40085CAE5 /* FNTParser.cpp */ = {isa = PBXFileReference; fileEncoding = 4; lastKnownFileType = sourcecode.cpp.cpp; path = FNTParser.cpp; sourceTree = "<group>"; };
		8A6E70831C6CACB40085CAE5 /* FNTParser.hpp */ = {isa = PBXFileReference; fileEncoding = 4; lastKnownFileType = sourcecode.cpp.h; path = FNTParser.hpp; sourceTree = "<group>"; };
		8A6E70851C6CACB40085CAE5 /* GLIncludes.h */ = {isa = PBXFileReference; fileEncoding = 4; lastKnownFileType = sourcecode.c.h; path = GLIncludes.h; sourceTree = "<group>"; };
		8A6E70861C6CACB40085CAE5 /* GLUtils.cpp */ = {isa = PBXFileReference; fileEncoding = 4; lastKnownFileType = sourcecode.cpp.cpp; path = GLUtils.cpp; sourceTree = "<group>"; };
		8A6E70871C6CACB40085CAE5 /* GLUtils.hpp */ = {isa = PBXFileReference; fileEncoding = 4; lastKnownFileType = sourcecode.cpp.h; path = GLUtils.hpp; sourceTree = "<group>"; };
		8A6E70891C6CACB40085CAE5 /* imconfig.h */ = {isa = PBXFileReference; fileEncoding = 4; lastKnownFileType = sourcecode.c.h; path = imconfig.h; sourceTree = "<group>"; };
		8A6E708A1C6CACB40085CAE5 /* imgui.cpp */ = {isa = PBXFileReference; fileEncoding = 4; lastKnownFileType = sourcecode.cpp.cpp; path = imgui.cpp; sourceTree = "<group>"; };
		8A6E708B1C6CACB40085CAE5 /* imgui.h */ = {isa = PBXFileReference; fileEncoding = 4; lastKnownFileType = sourcecode.c.h; path = imgui.h; sourceTree = "<group>"; };
		8A6E708C1C6CACB40085CAE5 /* imgui_demo.cpp */ = {isa = PBXFileReference; fileEncoding = 4; lastKnownFileType = sourcecode.cpp.cpp; path = imgui_demo.cpp; sourceTree = "<group>"; };
		8A6E708D1C6CACB40085CAE5 /* imgui_draw.cpp */ = {isa = PBXFileReference; fileEncoding = 4; lastKnownFileType = sourcecode.cpp.cpp; path = imgui_draw.cpp; sourceTree = "<group>"; };
		8A6E708E1C6CACB40085CAE5 /* imgui_internal.h */ = {isa = PBXFileReference; fileEncoding = 4; lastKnownFileType = sourcecode.c.h; path = imgui_internal.h; sourceTree = "<group>"; };
		8A6E70901C6CACB40085CAE5 /* Controls.cpp */ = {isa = PBXFileReference; fileEncoding = 4; lastKnownFileType = sourcecode.cpp.cpp; path = Controls.cpp; sourceTree = "<group>"; };
		8A6E70911C6CACB40085CAE5 /* Controls.hpp */ = {isa = PBXFileReference; fileEncoding = 4; lastKnownFileType = sourcecode.cpp.h; path = Controls.hpp; sourceTree = "<group>"; };
		8A6E70931C6CACB40085CAE5 /* noiseutils.cpp */ = {isa = PBXFileReference; fileEncoding = 4; lastKnownFileType = sourcecode.cpp.cpp; path = noiseutils.cpp; sourceTree = "<group>"; };
		8A6E70941C6CACB40085CAE5 /* noiseutils.h */ = {isa = PBXFileReference; fileEncoding = 4; lastKnownFileType = sourcecode.c.h; path = noiseutils.h; sourceTree = "<group>"; };
		8A6E70961C6CACB40085CAE5 /* FileModelManager.cpp */ = {isa = PBXFileReference; fileEncoding = 4; lastKnownFileType = sourcecode.cpp.cpp; path = FileModelManager.cpp; sourceTree = "<group>"; };
		8A6E70971C6CACB40085CAE5 /* FileModelManager.hpp */ = {isa = PBXFileReference; fileEncoding = 4; lastKnownFileType = sourcecode.cpp.h; path = FileModelManager.hpp; sourceTree = "<group>"; };
		8A6E70981C6CACB40085CAE5 /* ModelObject.h */ = {isa = PBXFileReference; fileEncoding = 4; lastKnownFileType = sourcecode.c.h; path = ModelObject.h; sourceTree = "<group>"; };
		8A6E709A1C6CACB40085CAE5 /* objParser.cpp */ = {isa = PBXFileReference; fileEncoding = 4; lastKnownFileType = sourcecode.cpp.cpp; path = objParser.cpp; sourceTree = "<group>"; };
		8A6E709B1C6CACB40085CAE5 /* objParser.hpp */ = {isa = PBXFileReference; fileEncoding = 4; lastKnownFileType = sourcecode.cpp.h; path = objParser.hpp; sourceTree = "<group>"; };
		8A6E709D1C6CACB40085CAE5 /* STLParser.cpp */ = {isa = PBXFileReference; fileEncoding = 4; lastKnownFileType = sourcecode.cpp.cpp; path = STLParser.cpp; sourceTree = "<group>"; };
		8A6E709E1C6CACB40085CAE5 /* STLParser.hpp */ = {isa = PBXFileReference; fileEncoding = 4; lastKnownFileType = sourcecode.cpp.h; path = STLParser.hpp; sourceTree = "<group>"; };
		8A6E70A01C6CACB40085CAE5 /* stb_image.h */ = {isa = PBXFileReference; fileEncoding = 4; lastKnownFileType = sourcecode.c.h; path = stb_image.h; sourceTree = "<group>"; };
		8A6E70A11C6CACB40085CAE5 /* stb_image_write.h */ = {isa = PBXFileReference; fileEncoding = 4; lastKnownFileType = sourcecode.c.h; path = stb_image_write.h; sourceTree = "<group>"; };
		8A6E70A21C6CACB40085CAE5 /* stb_rect_pack.h */ = {isa = PBXFileReference; fileEncoding = 4; lastKnownFileType = sourcecode.c.h; path = stb_rect_pack.h; sourceTree = "<group>"; };
		8A6E70A31C6CACB40085CAE5 /* stb_textedit.h */ = {isa = PBXFileReference; fileEncoding = 4; lastKnownFileType = sourcecode.c.h; path = stb_textedit.h; sourceTree = "<group>"; };
		8A6E70A41C6CACB40085CAE5 /* stb_truetype.h */ = {isa = PBXFileReference; fileEncoding = 4; lastKnownFileType = sourcecode.c.h; path = stb_truetype.h; sourceTree = "<group>"; };
		8A9D66BC1C3C1C3A001A6036 /* Info.plist */ = {isa = PBXFileReference; fileEncoding = 4; lastKnownFileType = text.plist.xml; name = Info.plist; path = Kuplung/Info.plist; sourceTree = SOURCE_ROOT; };
		8AA5EDE71C773DF8009F1F52 /* axis.frag */ = {isa = PBXFileReference; fileEncoding = 4; lastKnownFileType = sourcecode.glsl; path = axis.frag; sourceTree = "<group>"; };
		8AA5EDE81C773DF8009F1F52 /* axis.vert */ = {isa = PBXFileReference; fileEncoding = 4; lastKnownFileType = sourcecode.glsl; path = axis.vert; sourceTree = "<group>"; };
		8AA5EDE91C773DF8009F1F52 /* grid.frag */ = {isa = PBXFileReference; fileEncoding = 4; lastKnownFileType = sourcecode.glsl; path = grid.frag; sourceTree = "<group>"; };
		8AA5EDEA1C773DF8009F1F52 /* grid.vert */ = {isa = PBXFileReference; fileEncoding = 4; lastKnownFileType = sourcecode.glsl; path = grid.vert; sourceTree = "<group>"; };
		8AA5EDEB1C773DF8009F1F52 /* light_ray.frag */ = {isa = PBXFileReference; fileEncoding = 4; lastKnownFileType = sourcecode.glsl; path = light_ray.frag; sourceTree = "<group>"; };
		8AA5EDEC1C773DF8009F1F52 /* light_ray.vert */ = {isa = PBXFileReference; fileEncoding = 4; lastKnownFileType = sourcecode.glsl; path = light_ray.vert; sourceTree = "<group>"; };
		8AA5EDED1C773DF8009F1F52 /* light.frag */ = {isa = PBXFileReference; fileEncoding = 4; lastKnownFileType = sourcecode.glsl; path = light.frag; sourceTree = "<group>"; };
		8AA5EDEE1C773DF8009F1F52 /* light.vert */ = {isa = PBXFileReference; fileEncoding = 4; lastKnownFileType = sourcecode.glsl; path = light.vert; sourceTree = "<group>"; };
		8AA5EDEF1C773DF8009F1F52 /* model_face.frag */ = {isa = PBXFileReference; fileEncoding = 4; lastKnownFileType = sourcecode.glsl; path = model_face.frag; sourceTree = "<group>"; };
		8AA5EDF01C773DF8009F1F52 /* model_face.geom */ = {isa = PBXFileReference; fileEncoding = 4; lastKnownFileType = sourcecode.glsl; path = model_face.geom; sourceTree = "<group>"; };
		8AA5EDF11C773DF8009F1F52 /* model_face.tcs */ = {isa = PBXFileReference; fileEncoding = 4; lastKnownFileType = text; path = model_face.tcs; sourceTree = "<group>"; };
		8AA5EDF21C773DF8009F1F52 /* model_face.tes */ = {isa = PBXFileReference; fileEncoding = 4; lastKnownFileType = text; path = model_face.tes; sourceTree = "<group>"; };
		8AA5EDF31C773DF8009F1F52 /* model_face.vert */ = {isa = PBXFileReference; fileEncoding = 4; lastKnownFileType = sourcecode.glsl; path = model_face.vert; sourceTree = "<group>"; };
		8AA5EDF41C773DF8009F1F52 /* terrain.frag */ = {isa = PBXFileReference; fileEncoding = 4; lastKnownFileType = sourcecode.glsl; path = terrain.frag; sourceTree = "<group>"; };
		8AA5EDF51C773DF8009F1F52 /* terrain.vert */ = {isa = PBXFileReference; fileEncoding = 4; lastKnownFileType = sourcecode.glsl; path = terrain.vert; sourceTree = "<group>"; };
		8AB6F0101C3A9BEE00665C40 /* Kuplung.cpp */ = {isa = PBXFileReference; fileEncoding = 4; lastKnownFileType = sourcecode.cpp.cpp; path = Kuplung.cpp; sourceTree = "<group>"; };
		8AB6F0111C3A9BEE00665C40 /* Kuplung.hpp */ = {isa = PBXFileReference; fileEncoding = 4; lastKnownFileType = sourcecode.cpp.h; path = Kuplung.hpp; sourceTree = "<group>"; };
		8AB6F0991C3AA1F900665C40 /* light.mtl */ = {isa = PBXFileReference; fileEncoding = 4; lastKnownFileType = text; path = light.mtl; sourceTree = "<group>"; };
		8AB6F09A1C3AA1F900665C40 /* light.obj */ = {isa = PBXFileReference; fileEncoding = 4; lastKnownFileType = text; path = light.obj; sourceTree = "<group>"; };
		8AB6F09B1C3AA1F900665C40 /* light_texture.jpg */ = {isa = PBXFileReference; lastKnownFileType = image.jpeg; path = light_texture.jpg; sourceTree = "<group>"; };
		8AB6F09C1C3AA1F900665C40 /* ui_font.fnt */ = {isa = PBXFileReference; fileEncoding = 4; lastKnownFileType = text; path = ui_font.fnt; sourceTree = "<group>"; };
		8AB6F09D1C3AA1F900665C40 /* ui_font.png */ = {isa = PBXFileReference; lastKnownFileType = image.png; path = ui_font.png; sourceTree = "<group>"; };
		8AB6F0AD1C3AA21900665C40 /* Images.xcassets */ = {isa = PBXFileReference; lastKnownFileType = folder.assetcatalog; path = Images.xcassets; sourceTree = "<group>"; };
		8AB6F0AE1C3AA24A00665C40 /* Kuplung.icns */ = {isa = PBXFileReference; lastKnownFileType = image.icns; path = Kuplung.icns; sourceTree = "<group>"; };
		8AC828B01BF5FEE7009C74E0 /* Kuplung.app */ = {isa = PBXFileReference; explicitFileType = wrapper.application; includeInIndex = 0; path = Kuplung.app; sourceTree = BUILT_PRODUCTS_DIR; };
		8AC828B31BF5FEE7009C74E0 /* main.cpp */ = {isa = PBXFileReference; lastKnownFileType = sourcecode.cpp.cpp; path = main.cpp; sourceTree = "<group>"; };
		8AD104031C049E8A008CE831 /* OpenGL.framework */ = {isa = PBXFileReference; lastKnownFileType = wrapper.framework; name = OpenGL.framework; path = System/Library/Frameworks/OpenGL.framework; sourceTree = SDKROOT; };
		8AD104051C05C489008CE831 /* GLUT.framework */ = {isa = PBXFileReference; lastKnownFileType = wrapper.framework; name = GLUT.framework; path = System/Library/Frameworks/GLUT.framework; sourceTree = SDKROOT; };
/* End PBXFileReference section */

/* Begin PBXFrameworksBuildPhase section */
		8AC828AD1BF5FEE7009C74E0 /* Frameworks */ = {
			isa = PBXFrameworksBuildPhase;
			buildActionMask = 2147483647;
			files = (
				8AD104061C05C489008CE831 /* GLUT.framework in Frameworks */,
				8AD104041C049E8A008CE831 /* OpenGL.framework in Frameworks */,
			);
			runOnlyForDeploymentPostprocessing = 0;
		};
/* End PBXFrameworksBuildPhase section */

/* Begin PBXGroup section */
		8A0364751C6B71D9001489C8 /* objects */ = {
			isa = PBXGroup;
			children = (
				8A0364781C6B71D9001489C8 /* ObjectDefinitions.h */,
				8A0364791C6B71D9001489C8 /* ObjectsManager.cpp */,
				8A03647A1C6B71D9001489C8 /* ObjectsManager.hpp */,
			);
			path = objects;
			sourceTree = "<group>";
		};
		8A1AFB201C71FC3F004888D8 /* iconfonts */ = {
			isa = PBXGroup;
			children = (
				8A1AFB211C71FC3F004888D8 /* IconsFontAwesome.h */,
				8A1AFB221C71FC3F004888D8 /* IconsMaterialDesign.h */,
			);
			path = iconfonts;
			sourceTree = "<group>";
		};
		8A6E70561C6CACAC0085CAE5 /* settings */ = {
			isa = PBXGroup;
			children = (
				8A6E70571C6CACAC0085CAE5 /* ConfigUtils.cpp */,
				8A6E70581C6CACAC0085CAE5 /* ConfigUtils.hpp */,
				8A6E70591C6CACAC0085CAE5 /* FontsList.cpp */,
				8A6E705A1C6CACAC0085CAE5 /* FontsList.hpp */,
				8A6E705B1C6CACAC0085CAE5 /* Settings.cpp */,
				8A6E705C1C6CACAC0085CAE5 /* Settings.h */,
			);
			path = settings;
			sourceTree = "<group>";
		};
		8A6E70601C6CACB40085CAE5 /* terrain */ = {
			isa = PBXGroup;
			children = (
				8A6E70611C6CACB40085CAE5 /* HeightmapGenerator.cpp */,
				8A6E70621C6CACB40085CAE5 /* HeightmapGenerator.hpp */,
			);
			path = terrain;
			sourceTree = "<group>";
		};
		8A6E70631C6CACB40085CAE5 /* ui */ = {
			isa = PBXGroup;
			children = (
				8A1AFB201C71FC3F004888D8 /* iconfonts */,
				8A6E70641C6CACB40085CAE5 /* components */,
				8A6E70731C6CACB40085CAE5 /* dialogs */,
				8A6E707A1C6CACB40085CAE5 /* implementation */,
				8A6E707D1C6CACB40085CAE5 /* Objects.h */,
				8A6E707E1C6CACB40085CAE5 /* UI.cpp */,
				8A6E707F1C6CACB40085CAE5 /* UI.hpp */,
				8A1AFB231C71FC47004888D8 /* UIHelpers.cpp */,
				8A1AFB241C71FC47004888D8 /* UIHelpers.hpp */,
			);
			path = ui;
			sourceTree = "<group>";
		};
		8A6E70641C6CACB40085CAE5 /* components */ = {
			isa = PBXGroup;
			children = (
				8A6E70651C6CACB40085CAE5 /* ColorPicker.cpp */,
				8A6E70661C6CACB40085CAE5 /* ColorPicker.hpp */,
				8A6E70671C6CACB40085CAE5 /* Editor.cpp */,
				8A6E70681C6CACB40085CAE5 /* Editor.hpp */,
				8A6E70691C6CACB40085CAE5 /* FileBrowser.cpp */,
				8A6E706A1C6CACB40085CAE5 /* FileBrowser.hpp */,
				8A6E706D1C6CACB40085CAE5 /* Log.cpp */,
				8A6E706E1C6CACB40085CAE5 /* Log.hpp */,
				8A54F1171C7609DC00B93D18 /* MaterialEditor.cpp */,
				8A54F1181C7609DC00B93D18 /* MaterialEditor.hpp */,
				8A6E706F1C6CACB40085CAE5 /* Screenshot.cpp */,
				8A6E70701C6CACB40085CAE5 /* Screenshot.hpp */,
				8A6E70711C6CACB40085CAE5 /* Tabs.cpp */,
				8A6E70721C6CACB40085CAE5 /* Tabs.hpp */,
			);
			path = components;
			sourceTree = "<group>";
		};
		8A6E70731C6CACB40085CAE5 /* dialogs */ = {
			isa = PBXGroup;
			children = (
				8A1AFB261C71FC58004888D8 /* DialogControlsGUI.cpp */,
				8A1AFB271C71FC58004888D8 /* DialogControlsGUI.hpp */,
				8A1AFB281C71FC58004888D8 /* DialogControlsModels.cpp */,
				8A1AFB291C71FC58004888D8 /* DialogControlsModels.hpp */,
				8A6E70741C6CACB40085CAE5 /* DialogOptions.cpp */,
				8A6E70751C6CACB40085CAE5 /* DialogOptions.hpp */,
				8A6E70761C6CACB40085CAE5 /* DialogStyle.cpp */,
				8A6E70771C6CACB40085CAE5 /* DialogStyle.hpp */,
			);
			path = dialogs;
			sourceTree = "<group>";
		};
		8A6E707A1C6CACB40085CAE5 /* implementation */ = {
			isa = PBXGroup;
			children = (
				8A6E707B1C6CACB40085CAE5 /* SDL2OpenGL32.cpp */,
				8A6E707C1C6CACB40085CAE5 /* SDL2OpenGL32.hpp */,
			);
			path = implementation;
			sourceTree = "<group>";
		};
		8A6E70801C6CACB40085CAE5 /* utilities */ = {
			isa = PBXGroup;
			children = (
				8A6E70811C6CACB40085CAE5 /* font-parser */,
				8A6E70841C6CACB40085CAE5 /* gl */,
				8A6E70881C6CACB40085CAE5 /* imgui */,
				8A6E708F1C6CACB40085CAE5 /* input */,
				8A6E70921C6CACB40085CAE5 /* libnoise */,
				8A6E70951C6CACB40085CAE5 /* parsers */,
				8A6E709F1C6CACB40085CAE5 /* stb */,
			);
			path = utilities;
			sourceTree = "<group>";
		};
		8A6E70811C6CACB40085CAE5 /* font-parser */ = {
			isa = PBXGroup;
			children = (
				8A6E70821C6CACB40085CAE5 /* FNTParser.cpp */,
				8A6E70831C6CACB40085CAE5 /* FNTParser.hpp */,
			);
			path = "font-parser";
			sourceTree = "<group>";
		};
		8A6E70841C6CACB40085CAE5 /* gl */ = {
			isa = PBXGroup;
			children = (
				8A6E70851C6CACB40085CAE5 /* GLIncludes.h */,
				8A6E70861C6CACB40085CAE5 /* GLUtils.cpp */,
				8A6E70871C6CACB40085CAE5 /* GLUtils.hpp */,
			);
			path = gl;
			sourceTree = "<group>";
		};
		8A6E70881C6CACB40085CAE5 /* imgui */ = {
			isa = PBXGroup;
			children = (
				8A6E70891C6CACB40085CAE5 /* imconfig.h */,
				8A6E708A1C6CACB40085CAE5 /* imgui.cpp */,
				8A6E708B1C6CACB40085CAE5 /* imgui.h */,
				8A6E708C1C6CACB40085CAE5 /* imgui_demo.cpp */,
				8A6E708D1C6CACB40085CAE5 /* imgui_draw.cpp */,
				8A6E708E1C6CACB40085CAE5 /* imgui_internal.h */,
			);
			path = imgui;
			sourceTree = "<group>";
		};
		8A6E708F1C6CACB40085CAE5 /* input */ = {
			isa = PBXGroup;
			children = (
				8A6E70901C6CACB40085CAE5 /* Controls.cpp */,
				8A6E70911C6CACB40085CAE5 /* Controls.hpp */,
			);
			path = input;
			sourceTree = "<group>";
		};
		8A6E70921C6CACB40085CAE5 /* libnoise */ = {
			isa = PBXGroup;
			children = (
				8A6E70931C6CACB40085CAE5 /* noiseutils.cpp */,
				8A6E70941C6CACB40085CAE5 /* noiseutils.h */,
			);
			path = libnoise;
			sourceTree = "<group>";
		};
		8A6E70951C6CACB40085CAE5 /* parsers */ = {
			isa = PBXGroup;
			children = (
				8A6E70961C6CACB40085CAE5 /* FileModelManager.cpp */,
				8A6E70971C6CACB40085CAE5 /* FileModelManager.hpp */,
				8A6E70981C6CACB40085CAE5 /* ModelObject.h */,
				8A6E70991C6CACB40085CAE5 /* obj-parser */,
				8A6E709C1C6CACB40085CAE5 /* stl-parser */,
			);
			path = parsers;
			sourceTree = "<group>";
		};
		8A6E70991C6CACB40085CAE5 /* obj-parser */ = {
			isa = PBXGroup;
			children = (
				8A6E709A1C6CACB40085CAE5 /* objParser.cpp */,
				8A6E709B1C6CACB40085CAE5 /* objParser.hpp */,
			);
			path = "obj-parser";
			sourceTree = "<group>";
		};
		8A6E709C1C6CACB40085CAE5 /* stl-parser */ = {
			isa = PBXGroup;
			children = (
				8A6E709D1C6CACB40085CAE5 /* STLParser.cpp */,
				8A6E709E1C6CACB40085CAE5 /* STLParser.hpp */,
			);
			path = "stl-parser";
			sourceTree = "<group>";
		};
		8A6E709F1C6CACB40085CAE5 /* stb */ = {
			isa = PBXGroup;
			children = (
				8A6E70A01C6CACB40085CAE5 /* stb_image.h */,
				8A6E70A11C6CACB40085CAE5 /* stb_image_write.h */,
				8A6E70A21C6CACB40085CAE5 /* stb_rect_pack.h */,
				8A6E70A31C6CACB40085CAE5 /* stb_textedit.h */,
				8A6E70A41C6CACB40085CAE5 /* stb_truetype.h */,
			);
			path = stb;
			sourceTree = "<group>";
		};
		8AB6F00F1C3A9BEE00665C40 /* kuplung */ = {
			isa = PBXGroup;
			children = (
				8AB6F0101C3A9BEE00665C40 /* Kuplung.cpp */,
				8AB6F0111C3A9BEE00665C40 /* Kuplung.hpp */,
				8AB6F0121C3A9BEE00665C40 /* meshes */,
				8A0364751C6B71D9001489C8 /* objects */,
				8A6E70561C6CACAC0085CAE5 /* settings */,
				8A6E70601C6CACB40085CAE5 /* terrain */,
				8A6E70631C6CACB40085CAE5 /* ui */,
				8A6E70801C6CACB40085CAE5 /* utilities */,
			);
			path = kuplung;
			sourceTree = "<group>";
		};
		8AB6F0121C3A9BEE00665C40 /* meshes */ = {
			isa = PBXGroup;
			children = (
				8A54F11A1C760A0F00B93D18 /* Camera.cpp */,
				8A54F11B1C760A0F00B93D18 /* Camera.hpp */,
				8A03647D1C6B71EC001489C8 /* CoordinateSystem.cpp */,
				8A03647E1C6B71EC001489C8 /* CoordinateSystem.hpp */,
				8A0364811C6B71EC001489C8 /* Light.cpp */,
				8A0364821C6B71EC001489C8 /* Light.hpp */,
				8A6E70531C6CAC960085CAE5 /* LightRay.cpp */,
				8A6E70541C6CAC960085CAE5 /* LightRay.hpp */,
				8A0364831C6B71EC001489C8 /* ModelFace.cpp */,
				8A0364841C6B71EC001489C8 /* ModelFace.hpp */,
				8A0364851C6B71EC001489C8 /* Terrain.cpp */,
				8A0364861C6B71EC001489C8 /* Terrain.hpp */,
				8A0364871C6B71EC001489C8 /* WorldGrid.cpp */,
				8A0364881C6B71EC001489C8 /* WorldGrid.hpp */,
			);
			path = meshes;
			sourceTree = "<group>";
		};
		8AB6F0971C3AA1F900665C40 /* resources */ = {
			isa = PBXGroup;
			children = (
				8AD236601C5A4F880001E934 /* fonts */,
				8AB6F0981C3AA1F900665C40 /* gui */,
				8AB6F0AD1C3AA21900665C40 /* Images.xcassets */,
				8A9D66BC1C3C1C3A001A6036 /* Info.plist */,
				8A04DBD21C63BB2A0023CA07 /* Kuplung_Settings.ini */,
				8AB6F0AE1C3AA24A00665C40 /* Kuplung.icns */,
				8AB6F09F1C3AA1F900665C40 /* shaders */,
			);
			path = resources;
			sourceTree = "<group>";
		};
		8AB6F0981C3AA1F900665C40 /* gui */ = {
			isa = PBXGroup;
			children = (
				8AB6F0991C3AA1F900665C40 /* light.mtl */,
				8AB6F09A1C3AA1F900665C40 /* light.obj */,
				8AB6F09B1C3AA1F900665C40 /* light_texture.jpg */,
				8AB6F09C1C3AA1F900665C40 /* ui_font.fnt */,
				8AB6F09D1C3AA1F900665C40 /* ui_font.png */,
			);
			path = gui;
			sourceTree = "<group>";
		};
		8AB6F09F1C3AA1F900665C40 /* shaders */ = {
			isa = PBXGroup;
			children = (
				8AA5EDE71C773DF8009F1F52 /* axis.frag */,
				8AA5EDE81C773DF8009F1F52 /* axis.vert */,
				8AA5EDE91C773DF8009F1F52 /* grid.frag */,
				8AA5EDEA1C773DF8009F1F52 /* grid.vert */,
				8AA5EDEB1C773DF8009F1F52 /* light_ray.frag */,
				8AA5EDEC1C773DF8009F1F52 /* light_ray.vert */,
				8AA5EDED1C773DF8009F1F52 /* light.frag */,
				8AA5EDEE1C773DF8009F1F52 /* light.vert */,
				8AA5EDEF1C773DF8009F1F52 /* model_face.frag */,
				8AA5EDF01C773DF8009F1F52 /* model_face.geom */,
				8AA5EDF11C773DF8009F1F52 /* model_face.tcs */,
				8AA5EDF21C773DF8009F1F52 /* model_face.tes */,
				8AA5EDF31C773DF8009F1F52 /* model_face.vert */,
				8AA5EDF41C773DF8009F1F52 /* terrain.frag */,
				8AA5EDF51C773DF8009F1F52 /* terrain.vert */,
			);
			path = shaders;
			sourceTree = "<group>";
		};
		8AC828A71BF5FEE7009C74E0 = {
			isa = PBXGroup;
			children = (
				8AC828B21BF5FEE7009C74E0 /* Kuplung */,
				8AD104021C049790008CE831 /* Frameworks */,
				8AC828B11BF5FEE7009C74E0 /* Products */,
			);
			sourceTree = "<group>";
		};
		8AC828B11BF5FEE7009C74E0 /* Products */ = {
			isa = PBXGroup;
			children = (
				8AC828B01BF5FEE7009C74E0 /* Kuplung.app */,
			);
			name = Products;
			sourceTree = "<group>";
		};
		8AC828B21BF5FEE7009C74E0 /* Kuplung */ = {
			isa = PBXGroup;
			children = (
				8AB6F00F1C3A9BEE00665C40 /* kuplung */,
				8AC828B31BF5FEE7009C74E0 /* main.cpp */,
				8AB6F0971C3AA1F900665C40 /* resources */,
			);
			path = Kuplung;
			sourceTree = "<group>";
		};
		8AD104021C049790008CE831 /* Frameworks */ = {
			isa = PBXGroup;
			children = (
				8AD104051C05C489008CE831 /* GLUT.framework */,
				8AD104031C049E8A008CE831 /* OpenGL.framework */,
			);
			name = Frameworks;
			sourceTree = "<group>";
		};
		8AD236601C5A4F880001E934 /* fonts */ = {
			isa = PBXGroup;
			children = (
				8A4086441C64E53500101017 /* fontawesome-webfont.ttf */,
				8A4086451C64E53500101017 /* material-icons-regular.ttf */,
			);
			path = fonts;
			sourceTree = "<group>";
		};
/* End PBXGroup section */

/* Begin PBXNativeTarget section */
		8AC828AF1BF5FEE7009C74E0 /* Kuplung */ = {
			isa = PBXNativeTarget;
			buildConfigurationList = 8AC828B71BF5FEE7009C74E0 /* Build configuration list for PBXNativeTarget "Kuplung" */;
			buildPhases = (
				8AC828AC1BF5FEE7009C74E0 /* Sources */,
				8AC828AD1BF5FEE7009C74E0 /* Frameworks */,
				8AC828AE1BF5FEE7009C74E0 /* Copy Files */,
				8AC5748B1C3549F700069C7D /* CopyFiles */,
				8AC5748C1C3549F800069C7D /* Copy Files */,
				8AD236621C5A4F950001E934 /* CopyFiles */,
			);
			buildRules = (
			);
			dependencies = (
			);
			name = Kuplung;
			productName = Kuplung;
			productReference = 8AC828B01BF5FEE7009C74E0 /* Kuplung.app */;
			productType = "com.apple.product-type.application";
		};
/* End PBXNativeTarget section */

/* Begin PBXProject section */
		8AC828A81BF5FEE7009C74E0 /* Project object */ = {
			isa = PBXProject;
			attributes = {
				LastUpgradeCheck = 0720;
				ORGANIZATIONNAME = supudo.net;
				TargetAttributes = {
					8AC828AF1BF5FEE7009C74E0 = {
						CreatedOnToolsVersion = 7.1.1;
					};
				};
			};
			buildConfigurationList = 8AC828AB1BF5FEE7009C74E0 /* Build configuration list for PBXProject "Kuplung" */;
			compatibilityVersion = "Xcode 3.2";
			developmentRegion = English;
			hasScannedForEncodings = 0;
			knownRegions = (
				en,
			);
			mainGroup = 8AC828A71BF5FEE7009C74E0;
			productRefGroup = 8AC828B11BF5FEE7009C74E0 /* Products */;
			projectDirPath = "";
			projectRoot = "";
			targets = (
				8AC828AF1BF5FEE7009C74E0 /* Kuplung */,
			);
		};
/* End PBXProject section */

/* Begin PBXSourcesBuildPhase section */
		8AC828AC1BF5FEE7009C74E0 /* Sources */ = {
			isa = PBXSourcesBuildPhase;
			buildActionMask = 2147483647;
			files = (
				8A03648B1C6B71EC001489C8 /* Light.cpp in Sources */,
				8A54F1191C7609DC00B93D18 /* MaterialEditor.cpp in Sources */,
				8A03647C1C6B71D9001489C8 /* ObjectsManager.cpp in Sources */,
				8A6E70A71C6CACB40085CAE5 /* Editor.cpp in Sources */,
				8A6E70B51C6CACB40085CAE5 /* imgui_draw.cpp in Sources */,
				8A6E705F1C6CACAC0085CAE5 /* Settings.cpp in Sources */,
				8A6E70B31C6CACB40085CAE5 /* imgui.cpp in Sources */,
				8A6E70A81C6CACB40085CAE5 /* FileBrowser.cpp in Sources */,
				8A6E70B41C6CACB40085CAE5 /* imgui_demo.cpp in Sources */,
				8A6E70B21C6CACB40085CAE5 /* GLUtils.cpp in Sources */,
				8A6E70B61C6CACB40085CAE5 /* Controls.cpp in Sources */,
				8A6E70A61C6CACB40085CAE5 /* ColorPicker.cpp in Sources */,
				8A6E70BA1C6CACB40085CAE5 /* STLParser.cpp in Sources */,
				8A0364891C6B71EC001489C8 /* CoordinateSystem.cpp in Sources */,
				8A6E70AC1C6CACB40085CAE5 /* DialogOptions.cpp in Sources */,
				8A6E70B81C6CACB40085CAE5 /* FileModelManager.cpp in Sources */,
				8A1AFB2B1C71FC58004888D8 /* DialogControlsModels.cpp in Sources */,
				8A6E70B71C6CACB40085CAE5 /* noiseutils.cpp in Sources */,
				8A6E70A51C6CACB40085CAE5 /* HeightmapGenerator.cpp in Sources */,
				8A1AFB251C71FC47004888D8 /* UIHelpers.cpp in Sources */,
				8A6E705D1C6CACAC0085CAE5 /* ConfigUtils.cpp in Sources */,
				8A1AFB2A1C71FC58004888D8 /* DialogControlsGUI.cpp in Sources */,
				8A03648D1C6B71EC001489C8 /* Terrain.cpp in Sources */,
				8A03648C1C6B71EC001489C8 /* ModelFace.cpp in Sources */,
				8A6E70A91C6CACB40085CAE5 /* Log.cpp in Sources */,
				8AB6F0691C3A9BEE00665C40 /* Kuplung.cpp in Sources */,
				8A6E70AF1C6CACB40085CAE5 /* SDL2OpenGL32.cpp in Sources */,
				8A6E705E1C6CACAC0085CAE5 /* FontsList.cpp in Sources */,
				8A03648E1C6B71EC001489C8 /* WorldGrid.cpp in Sources */,
				8A6E70B11C6CACB40085CAE5 /* FNTParser.cpp in Sources */,
				8A6E70551C6CAC960085CAE5 /* LightRay.cpp in Sources */,
				8A6E70B01C6CACB40085CAE5 /* UI.cpp in Sources */,
				8A54F11C1C760A0F00B93D18 /* Camera.cpp in Sources */,
				8A6E70AA1C6CACB40085CAE5 /* Screenshot.cpp in Sources */,
				8A6E70B91C6CACB40085CAE5 /* objParser.cpp in Sources */,
				8A6E70AD1C6CACB40085CAE5 /* DialogStyle.cpp in Sources */,
				8AC828B41BF5FEE7009C74E0 /* main.cpp in Sources */,
				8A6E70AB1C6CACB40085CAE5 /* Tabs.cpp in Sources */,
			);
			runOnlyForDeploymentPostprocessing = 0;
		};
/* End PBXSourcesBuildPhase section */

/* Begin XCBuildConfiguration section */
		8AC828B51BF5FEE7009C74E0 /* Debug */ = {
			isa = XCBuildConfiguration;
			buildSettings = {
				ALWAYS_SEARCH_USER_PATHS = NO;
				CLANG_CXX_LANGUAGE_STANDARD = "gnu++0x";
				CLANG_CXX_LIBRARY = "libc++";
				CLANG_ENABLE_MODULES = YES;
				CLANG_ENABLE_OBJC_ARC = YES;
				CLANG_WARN_BOOL_CONVERSION = YES;
				CLANG_WARN_CONSTANT_CONVERSION = YES;
				CLANG_WARN_DIRECT_OBJC_ISA_USAGE = YES_ERROR;
				CLANG_WARN_EMPTY_BODY = YES;
				CLANG_WARN_ENUM_CONVERSION = YES;
				CLANG_WARN_INT_CONVERSION = YES;
				CLANG_WARN_OBJC_ROOT_CLASS = YES_ERROR;
				CLANG_WARN_UNREACHABLE_CODE = YES;
				CLANG_WARN__DUPLICATE_METHOD_MATCH = YES;
				COPY_PHASE_STRIP = NO;
				DEBUG_INFORMATION_FORMAT = dwarf;
				ENABLE_STRICT_OBJC_MSGSEND = YES;
				ENABLE_TESTABILITY = YES;
				GCC_C_LANGUAGE_STANDARD = gnu99;
				GCC_DYNAMIC_NO_PIC = NO;
				GCC_ENABLE_OBJC_EXCEPTIONS = YES;
				GCC_NO_COMMON_BLOCKS = YES;
				GCC_OPTIMIZATION_LEVEL = 0;
				GCC_PREPROCESSOR_DEFINITIONS = (
					"DEBUG=1",
					"$(inherited)",
				);
				GCC_WARN_64_TO_32_BIT_CONVERSION = YES;
				GCC_WARN_ABOUT_RETURN_TYPE = YES_ERROR;
				GCC_WARN_UNDECLARED_SELECTOR = YES;
				GCC_WARN_UNINITIALIZED_AUTOS = YES_AGGRESSIVE;
				GCC_WARN_UNUSED_FUNCTION = YES;
				GCC_WARN_UNUSED_VARIABLE = YES;
				MACOSX_DEPLOYMENT_TARGET = 10.11;
				MTL_ENABLE_DEBUG_INFO = YES;
				ONLY_ACTIVE_ARCH = YES;
				SDKROOT = macosx;
			};
			name = Debug;
		};
		8AC828B61BF5FEE7009C74E0 /* Release */ = {
			isa = XCBuildConfiguration;
			buildSettings = {
				ALWAYS_SEARCH_USER_PATHS = NO;
				CLANG_CXX_LANGUAGE_STANDARD = "gnu++0x";
				CLANG_CXX_LIBRARY = "libc++";
				CLANG_ENABLE_MODULES = YES;
				CLANG_ENABLE_OBJC_ARC = YES;
				CLANG_WARN_BOOL_CONVERSION = YES;
				CLANG_WARN_CONSTANT_CONVERSION = YES;
				CLANG_WARN_DIRECT_OBJC_ISA_USAGE = YES_ERROR;
				CLANG_WARN_EMPTY_BODY = YES;
				CLANG_WARN_ENUM_CONVERSION = YES;
				CLANG_WARN_INT_CONVERSION = YES;
				CLANG_WARN_OBJC_ROOT_CLASS = YES_ERROR;
				CLANG_WARN_UNREACHABLE_CODE = YES;
				CLANG_WARN__DUPLICATE_METHOD_MATCH = YES;
				COPY_PHASE_STRIP = NO;
				DEBUG_INFORMATION_FORMAT = "dwarf-with-dsym";
				ENABLE_NS_ASSERTIONS = NO;
				ENABLE_STRICT_OBJC_MSGSEND = YES;
				GCC_C_LANGUAGE_STANDARD = gnu99;
				GCC_ENABLE_OBJC_EXCEPTIONS = YES;
				GCC_NO_COMMON_BLOCKS = YES;
				GCC_WARN_64_TO_32_BIT_CONVERSION = YES;
				GCC_WARN_ABOUT_RETURN_TYPE = YES_ERROR;
				GCC_WARN_UNDECLARED_SELECTOR = YES;
				GCC_WARN_UNINITIALIZED_AUTOS = YES_AGGRESSIVE;
				GCC_WARN_UNUSED_FUNCTION = YES;
				GCC_WARN_UNUSED_VARIABLE = YES;
				MACOSX_DEPLOYMENT_TARGET = 10.11;
				MTL_ENABLE_DEBUG_INFO = NO;
				SDKROOT = macosx;
			};
			name = Release;
		};
		8AC828B81BF5FEE7009C74E0 /* Debug */ = {
			isa = XCBuildConfiguration;
			buildSettings = {
				ASSETCATALOG_COMPILER_APPICON_NAME = AppIcon;
				CLANG_CXX_LANGUAGE_STANDARD = "gnu++0x";
				CLANG_CXX_LIBRARY = "libc++";
				COMBINE_HIDPI_IMAGES = YES;
				FRAMEWORK_SEARCH_PATHS = /Library/Frameworks;
				HEADER_SEARCH_PATHS = (
					/usr/include,
					/usr/local/include,
					/usr/local/Cellar/boost/1.60.0_1/include/boost,
					/usr/local/Cellar/glfw3/3.1.2/include,
					/usr/local/Cellar/glew/1.13.0/include,
					/usr/local/Cellar/sdl2/2.0.4/include,
					/usr/local/Cellar/glm/0.9.7.1/include,
					"${PROJECT_DIR}/external/libnoise/headers",
				);
				INFOPLIST_FILE = "$(SRCROOT)/Kuplung/Info.plist";
				LIBRARY_SEARCH_PATHS = (
					/usr/lib,
					/usr/local/Cellar/boost/1.60.0_1/lib,
					/usr/local/Cellar/glfw3/3.1.2/lib,
					/usr/local/Cellar/glew/1.13.0/lib,
					/usr/local/Cellar/sdl2/2.0.4/lib,
					/usr/local/Cellar/glm/0.9.7.1/lib,
					"${PROJECT_DIR}/external/libnoise/lib",
				);
				OTHER_LDFLAGS = (
					"-framework",
					cocoa,
					"-framework",
					OpenGL,
					"-lSDL2",
					"-lboost_system",
					"-lboost_filesystem",
					"-lGLEW",
					"-lGLFW3",
					"-lnoise",
					"-isystem",
				);
				PRODUCT_BUNDLE_IDENTIFIER = net.supudo.apps.Kuplung;
				PRODUCT_NAME = Kuplung;
				USER_HEADER_SEARCH_PATHS = "${PROJECT_DIR}/Kuplung/";
			};
			name = Debug;
		};
		8AC828B91BF5FEE7009C74E0 /* Release */ = {
			isa = XCBuildConfiguration;
			buildSettings = {
				ASSETCATALOG_COMPILER_APPICON_NAME = AppIcon;
				CLANG_CXX_LANGUAGE_STANDARD = "gnu++0x";
				CLANG_CXX_LIBRARY = "libc++";
				COMBINE_HIDPI_IMAGES = YES;
				FRAMEWORK_SEARCH_PATHS = /Library/Frameworks;
				HEADER_SEARCH_PATHS = (
					/usr/include,
					/usr/local/include,
					/usr/local/Cellar/boost/1.60.0_1/include/boost,
					/usr/local/Cellar/glfw3/3.1.2/include,
					/usr/local/Cellar/glew/1.13.0/include,
					/usr/local/Cellar/sdl2/2.0.4/include,
					/usr/local/Cellar/glm/0.9.7.1/include,
					"${PROJECT_DIR}/external/libnoise/headers",
				);
				INFOPLIST_FILE = "$(SRCROOT)/Kuplung/Info.plist";
				LIBRARY_SEARCH_PATHS = (
					/usr/lib,
					/usr/local/Cellar/boost/1.60.0_1/lib,
					/usr/local/Cellar/glfw3/3.1.2/lib,
					/usr/local/Cellar/glew/1.13.0/lib,
					/usr/local/Cellar/sdl2/2.0.4/lib,
					/usr/local/Cellar/glm/0.9.7.1/lib,
					"${PROJECT_DIR}/external/libnoise/lib",
				);
				OTHER_LDFLAGS = (
					"-framework",
					cocoa,
					"-framework",
					OpenGL,
					"-lSDL2",
					"-lboost_system",
					"-lboost_filesystem",
					"-lGLEW",
					"-lGLFW3",
					"-lnoise",
					"-isystem",
				);
				PRODUCT_BUNDLE_IDENTIFIER = net.supudo.apps.Kuplung;
				PRODUCT_NAME = Kuplung;
				USER_HEADER_SEARCH_PATHS = "${PROJECT_DIR}/Kuplung/";
			};
			name = Release;
		};
/* End XCBuildConfiguration section */

/* Begin XCConfigurationList section */
		8AC828AB1BF5FEE7009C74E0 /* Build configuration list for PBXProject "Kuplung" */ = {
			isa = XCConfigurationList;
			buildConfigurations = (
				8AC828B51BF5FEE7009C74E0 /* Debug */,
				8AC828B61BF5FEE7009C74E0 /* Release */,
			);
			defaultConfigurationIsVisible = 0;
			defaultConfigurationName = Release;
		};
		8AC828B71BF5FEE7009C74E0 /* Build configuration list for PBXNativeTarget "Kuplung" */ = {
			isa = XCConfigurationList;
			buildConfigurations = (
				8AC828B81BF5FEE7009C74E0 /* Debug */,
				8AC828B91BF5FEE7009C74E0 /* Release */,
			);
			defaultConfigurationIsVisible = 0;
			defaultConfigurationName = Release;
		};
/* End XCConfigurationList section */
	};
	rootObject = 8AC828A81BF5FEE7009C74E0 /* Project object */;
}
